// !$*UTF8*$!
{
	archiveVersion = 1;
	classes = {
	};
	objectVersion = 46;
	objects = {

/* Begin PBXBuildFile section */
		FAE68EE11EE917220061FE07 /* AppDelegate.swift in Sources */ = {isa = PBXBuildFile; fileRef = FAE68EE01EE917220061FE07 /* AppDelegate.swift */; };
		FAE68EE31EE917220061FE07 /* ViewController.swift in Sources */ = {isa = PBXBuildFile; fileRef = FAE68EE21EE917220061FE07 /* ViewController.swift */; };
		FAE68EE61EE917220061FE07 /* Main.storyboard in Resources */ = {isa = PBXBuildFile; fileRef = FAE68EE41EE917220061FE07 /* Main.storyboard */; };
		FAE68EE81EE917220061FE07 /* Assets.xcassets in Resources */ = {isa = PBXBuildFile; fileRef = FAE68EE71EE917220061FE07 /* Assets.xcassets */; };
		FAE68EEB1EE917220061FE07 /* LaunchScreen.storyboard in Resources */ = {isa = PBXBuildFile; fileRef = FAE68EE91EE917220061FE07 /* LaunchScreen.storyboard */; };
/* End PBXBuildFile section */

/* Begin PBXFileReference section */
		FAE68EDD1EE917220061FE07 /* The Fundamentals.app */ = {isa = PBXFileReference; explicitFileType = wrapper.application; includeInIndex = 0; path = "The Fundamentals.app"; sourceTree = BUILT_PRODUCTS_DIR; };
		FAE68EE01EE917220061FE07 /* AppDelegate.swift */ = {isa = PBXFileReference; lastKnownFileType = sourcecode.swift; path = AppDelegate.swift; sourceTree = "<group>"; };
		FAE68EE21EE917220061FE07 /* ViewController.swift */ = {isa = PBXFileReference; lastKnownFileType = sourcecode.swift; path = ViewController.swift; sourceTree = "<group>"; };
		FAE68EE51EE917220061FE07 /* Base */ = {isa = PBXFileReference; lastKnownFileType = file.storyboard; name = Base; path = Base.lproj/Main.storyboard; sourceTree = "<group>"; };
		FAE68EE71EE917220061FE07 /* Assets.xcassets */ = {isa = PBXFileReference; lastKnownFileType = folder.assetcatalog; path = Assets.xcassets; sourceTree = "<group>"; };
		FAE68EEA1EE917220061FE07 /* Base */ = {isa = PBXFileReference; lastKnownFileType = file.storyboard; name = Base; path = Base.lproj/LaunchScreen.storyboard; sourceTree = "<group>"; };
		FAE68EEC1EE917220061FE07 /* Info.plist */ = {isa = PBXFileReference; lastKnownFileType = text.plist.xml; path = Info.plist; sourceTree = "<group>"; };
/* End PBXFileReference section */

/* Begin PBXFrameworksBuildPhase section */
		FAE68EDA1EE917220061FE07 /* Frameworks */ = {
			isa = PBXFrameworksBuildPhase;
			buildActionMask = 2147483647;
			files = (
			);
			runOnlyForDeploymentPostprocessing = 0;
		};
/* End PBXFrameworksBuildPhase section */

/* Begin PBXGroup section */
		FAE68ED41EE917220061FE07 = {
			isa = PBXGroup;
			children = (
				FAE68EDF1EE917220061FE07 /* The Fundamentals */,
				FAE68EDE1EE917220061FE07 /* Products */,
			);
			sourceTree = "<group>";
		};
		FAE68EDE1EE917220061FE07 /* Products */ = {
			isa = PBXGroup;
			children = (
				FAE68EDD1EE917220061FE07 /* The Fundamentals.app */,
			);
			name = Products;
			sourceTree = "<group>";
		};
		FAE68EDF1EE917220061FE07 /* The Fundamentals */ = {
			isa = PBXGroup;
			children = (
				FAE68EE01EE917220061FE07 /* AppDelegate.swift */,
				FAE68EE21EE917220061FE07 /* ViewController.swift */,
				FAE68EE41EE917220061FE07 /* Main.storyboard */,
				FAE68EE71EE917220061FE07 /* Assets.xcassets */,
				FAE68EE91EE917220061FE07 /* LaunchScreen.storyboard */,
				FAE68EEC1EE917220061FE07 /* Info.plist */,
			);
			path = "The Fundamentals";
			sourceTree = "<group>";
		};
/* End PBXGroup section */

/* Begin PBXNativeTarget section */
		FAE68EDC1EE917220061FE07 /* The Fundamentals */ = {
			isa = PBXNativeTarget;
			buildConfigurationList = FAE68EEF1EE917220061FE07 /* Build configuration list for PBXNativeTarget "The Fundamentals" */;
			buildPhases = (
				FAE68ED91EE917220061FE07 /* Sources */,
				FAE68EDA1EE917220061FE07 /* Frameworks */,
				FAE68EDB1EE917220061FE07 /* Resources */,
			);
			buildRules = (
			);
			dependencies = (
			);
			name = "The Fundamentals";
			productName = "The Fundamentals";
			productReference = FAE68EDD1EE917220061FE07 /* The Fundamentals.app */;
			productType = "com.apple.product-type.application";
		};
/* End PBXNativeTarget section */

/* Begin PBXProject section */
		FAE68ED51EE917220061FE07 /* Project object */ = {
			isa = PBXProject;
			attributes = {
				LastSwiftUpdateCheck = 0830;
				LastUpgradeCheck = 0830;
				ORGANIZATIONNAME = "James Nobis";
				TargetAttributes = {
					FAE68EDC1EE917220061FE07 = {
						CreatedOnToolsVersion = 8.3.2;
						ProvisioningStyle = Automatic;
					};
				};
			};
			buildConfigurationList = FAE68ED81EE917220061FE07 /* Build configuration list for PBXProject "The Fundamentals" */;
			compatibilityVersion = "Xcode 3.2";
			developmentRegion = English;
			hasScannedForEncodings = 0;
			knownRegions = (
				en,
				Base,
			);
			mainGroup = FAE68ED41EE917220061FE07;
			productRefGroup = FAE68EDE1EE917220061FE07 /* Products */;
			projectDirPath = "";
			projectRoot = "";
			targets = (
				FAE68EDC1EE917220061FE07 /* The Fundamentals */,
			);
		};
/* End PBXProject section */

/* Begin PBXResourcesBuildPhase section */
		FAE68EDB1EE917220061FE07 /* Resources */ = {
			isa = PBXResourcesBuildPhase;
			buildActionMask = 2147483647;
			files = (
				FAE68EEB1EE917220061FE07 /* LaunchScreen.storyboard in Resources */,
				FAE68EE81EE917220061FE07 /* Assets.xcassets in Resources */,
				FAE68EE61EE917220061FE07 /* Main.storyboard in Resources */,
			);
			runOnlyForDeploymentPostprocessing = 0;
		};
/* End PBXResourcesBuildPhase section */

/* Begin PBXSourcesBuildPhase section */
		FAE68ED91EE917220061FE07 /* Sources */ = {
			isa = PBXSourcesBuildPhase;
			buildActionMask = 2147483647;
			files = (
				FAE68EE31EE917220061FE07 /* ViewController.swift in Sources */,
				FAE68EE11EE917220061FE07 /* AppDelegate.swift in Sources */,
			);
			runOnlyForDeploymentPostprocessing = 0;
		};
/* End PBXSourcesBuildPhase section */

/* Begin PBXVariantGroup section */
		FAE68EE41EE917220061FE07 /* Main.storyboard */ = {
			isa = PBXVariantGroup;
			children = (
				FAE68EE51EE917220061FE07 /* Base */,
			);
			name = Main.storyboard;
			sourceTree = "<group>";
		};
		FAE68EE91EE917220061FE07 /* LaunchScreen.storyboard */ = {
			isa = PBXVariantGroup;
			children = (
				FAE68EEA1EE917220061FE07 /* Base */,
			);
			name = LaunchScreen.storyboard;
			sourceTree = "<group>";
		};
/* End PBXVariantGroup section */

/* Begin XCBuildConfiguration section */
		FAE68EED1EE917220061FE07 /* Debug */ = {
			isa = XCBuildConfiguration;
			buildSettings = {
				ALWAYS_SEARCH_USER_PATHS = NO;
				CLANG_ANALYZER_NONNULL = YES;
				CLANG_ANALYZER_NUMBER_OBJECT_CONVERSION = YES_AGGRESSIVE;
				CLANG_CXX_LANGUAGE_STANDARD = "gnu++0x";
				CLANG_CXX_LIBRARY = "libc++";
				CLANG_ENABLE_MODULES = YES;
				CLANG_ENABLE_OBJC_ARC = YES;
				CLANG_WARN_BOOL_CONVERSION = YES;
				CLANG_WARN_CONSTANT_CONVERSION = YES;
				CLANG_WARN_DIRECT_OBJC_ISA_USAGE = YES_ERROR;
				CLANG_WARN_DOCUMENTATION_COMMENTS = YES;
				CLANG_WARN_EMPTY_BODY = YES;
				CLANG_WARN_ENUM_CONVERSION = YES;
				CLANG_WARN_INFINITE_RECURSION = YES;
				CLANG_WARN_INT_CONVERSION = YES;
				CLANG_WARN_OBJC_ROOT_CLASS = YES_ERROR;
				CLANG_WARN_SUSPICIOUS_MOVE = YES;
				CLANG_WARN_UNREACHABLE_CODE = YES;
				CLANG_WARN__DUPLICATE_METHOD_MATCH = YES;
				"CODE_SIGN_IDENTITY[sdk=iphoneos*]" = "iPhone Developer";
				COPY_PHASE_STRIP = NO;
				DEBUG_INFORMATION_FORMAT = dwarf;
				ENABLE_STRICT_OBJC_MSGSEND = YES;
				ENABLE_TESTABILITY = YES;
				GCC_C_LANGUAGE_STANDARD = gnu99;
				GCC_DYNAMIC_NO_PIC = NO;
				GCC_NO_COMMON_BLOCKS = YES;
				GCC_OPTIMIZATION_LEVEL = 0;
				GCC_PREPROCESSOR_DEFINITIONS = (
					"DEBUG=1",
					"$(inherited)",
				);
				GCC_WARN_64_TO_32_BIT_CONVERSION = YES;
				GCC_WARN_ABOUT_RETURN_TYPE = YES_ERROR;
				GCC_WARN_UNDECLARED_SELECTOR = YES;
				GCC_WARN_UNINITIALIZED_AUTOS = YES_AGGRESSIVE;
				GCC_WARN_UNUSED_FUNCTION = YES;
				GCC_WARN_UNUSED_VARIABLE = YES;
				IPHONEOS_DEPLOYMENT_TARGET = 10.3;
				MTL_ENABLE_DEBUG_INFO = YES;
				ONLY_ACTIVE_ARCH = YES;
				SDKROOT = iphoneos;
				SWIFT_ACTIVE_COMPILATION_CONDITIONS = DEBUG;
				SWIFT_OPTIMIZATION_LEVEL = "-Onone";
				TARGETED_DEVICE_FAMILY = "1,2";
			};
			name = Debug;
		};
		FAE68EEE1EE917220061FE07 /* Release */ = {
			isa = XCBuildConfiguration;
			buildSettings = {
				ALWAYS_SEARCH_USER_PATHS = NO;
				CLANG_ANALYZER_NONNULL = YES;
				CLANG_ANALYZER_NUMBER_OBJECT_CONVERSION = YES_AGGRESSIVE;
				CLANG_CXX_LANGUAGE_STANDARD = "gnu++0x";
				CLANG_CXX_LIBRARY = "libc++";
				CLANG_ENABLE_MODULES = YES;
				CLANG_ENABLE_OBJC_ARC = YES;
				CLANG_WARN_BOOL_CONVERSION = YES;
				CLANG_WARN_CONSTANT_CONVERSION = YES;
				CLANG_WARN_DIRECT_OBJC_ISA_USAGE = YES_ERROR;
				CLANG_WARN_DOCUMENTATION_COMMENTS = YES;
				CLANG_WARN_EMPTY_BODY = YES;
				CLANG_WARN_ENUM_CONVERSION = YES;
				CLANG_WARN_INFINITE_RECURSION = YES;
				CLANG_WARN_INT_CONVERSION = YES;
				CLANG_WARN_OBJC_ROOT_CLASS = YES_ERROR;
				CLANG_WARN_SUSPICIOUS_MOVE = YES;
				CLANG_WARN_UNREACHABLE_CODE = YES;
				CLANG_WARN__DUPLICATE_METHOD_MATCH = YES;
				"CODE_SIGN_IDENTITY[sdk=iphoneos*]" = "iPhone Developer";
				COPY_PHASE_STRIP = NO;
				DEBUG_INFORMATION_FORMAT = "dwarf-with-dsym";
				ENABLE_NS_ASSERTIONS = NO;
				ENABLE_STRICT_OBJC_MSGSEND = YES;
				GCC_C_LANGUAGE_STANDARD = gnu99;
				GCC_NO_COMMON_BLOCKS = YES;
				GCC_WARN_64_TO_32_BIT_CONVERSION = YES;
				GCC_WARN_ABOUT_RETURN_TYPE = YES_ERROR;
				GCC_WARN_UNDECLARED_SELECTOR = YES;
				GCC_WARN_UNINITIALIZED_AUTOS = YES_AGGRESSIVE;
				GCC_WARN_UNUSED_FUNCTION = YES;
				GCC_WARN_UNUSED_VARIABLE = YES;
				IPHONEOS_DEPLOYMENT_TARGET = 10.3;
				MTL_ENABLE_DEBUG_INFO = NO;
				SDKROOT = iphoneos;
				SWIFT_OPTIMIZATION_LEVEL = "-Owholemodule";
				TARGETED_DEVICE_FAMILY = "1,2";
				VALIDATE_PRODUCT = YES;
			};
			name = Release;
		};
		FAE68EF01EE917220061FE07 /* Debug */ = {
			isa = XCBuildConfiguration;
			buildSettings = {
				ASSETCATALOG_COMPILER_APPICON_NAME = AppIcon;
				INFOPLIST_FILE = "The Fundamentals/Info.plist";
				LD_RUNPATH_SEARCH_PATHS = "$(inherited) @executable_path/Frameworks";
				PRODUCT_BUNDLE_IDENTIFIER = "follow.The-Fundamentals";
				PRODUCT_NAME = "$(TARGET_NAME)";
				SWIFT_VERSION = 3.0;
			};
			name = Debug;
		};
		FAE68EF11EE917220061FE07 /* Release */ = {
			isa = XCBuildConfiguration;
			buildSettings = {
				ASSETCATALOG_COMPILER_APPICON_NAME = AppIcon;
				INFOPLIST_FILE = "The Fundamentals/Info.plist";
				LD_RUNPATH_SEARCH_PATHS = "$(inherited) @executable_path/Frameworks";
				PRODUCT_BUNDLE_IDENTIFIER = "follow.The-Fundamentals";
				PRODUCT_NAME = "$(TARGET_NAME)";
				SWIFT_VERSION = 3.0;
			};
			name = Release;
		};
/* End XCBuildConfiguration section */

/* Begin XCConfigurationList section */
		FAE68ED81EE917220061FE07 /* Build configuration list for PBXProject "The Fundamentals" */ = {
			isa = XCConfigurationList;
			buildConfigurations = (
				FAE68EED1EE917220061FE07 /* Debug */,
				FAE68EEE1EE917220061FE07 /* Release */,
			);
			defaultConfigurationIsVisible = 0;
			defaultConfigurationName = Release;
		};
		FAE68EEF1EE917220061FE07 /* Build configuration list for PBXNativeTarget "The Fundamentals" */ = {
			isa = XCConfigurationList;
			buildConfigurations = (
				FAE68EF01EE917220061FE07 /* Debug */,
				FAE68EF11EE917220061FE07 /* Release */,
			);
			defaultConfigurationIsVisible = 0;
		};
/* End XCConfigurationList section */
	};
	rootObject = FAE68ED51EE917220061FE07 /* Project object */;
}
